// !$*UTF8*$!
{
	archiveVersion = 1;
	classes = {
	};
	objectVersion = 46;
	objects = {

/* Begin PBXBuildFile section */
		2914978514BFC93C00B6FD7E /* ContactsTableViewController.m in Sources */ = {isa = PBXBuildFile; fileRef = 2914978414BFC93C00B6FD7E /* ContactsTableViewController.m */; };
		2914978914BFCAB400B6FD7E /* AddressBook.framework in Frameworks */ = {isa = PBXBuildFile; fileRef = 2914978714BFCAB400B6FD7E /* AddressBook.framework */; };
		2914978A14BFCAB400B6FD7E /* AddressBookUI.framework in Frameworks */ = {isa = PBXBuildFile; fileRef = 2914978814BFCAB400B6FD7E /* AddressBookUI.framework */; };
		2938505715573AD2003B3D91 /* GMGridView.m in Sources */ = {isa = PBXBuildFile; fileRef = 2938504715573AD2003B3D91 /* GMGridView.m */; };
		2938505815573AD2003B3D91 /* GMGridViewCell.m in Sources */ = {isa = PBXBuildFile; fileRef = 2938504D15573AD2003B3D91 /* GMGridViewCell.m */; };
		2938505915573AD2003B3D91 /* GMGridViewLayoutStrategies.m in Sources */ = {isa = PBXBuildFile; fileRef = 2938504F15573AD2003B3D91 /* GMGridViewLayoutStrategies.m */; };
		2938505A15573AD2003B3D91 /* UIGestureRecognizer+GMGridViewAdditions.m in Sources */ = {isa = PBXBuildFile; fileRef = 2938505115573AD2003B3D91 /* UIGestureRecognizer+GMGridViewAdditions.m */; };
		2938505B15573AD2003B3D91 /* UIView+GMGridViewAdditions.m in Sources */ = {isa = PBXBuildFile; fileRef = 2938505315573AD2003B3D91 /* UIView+GMGridViewAdditions.m */; };
		293C741114D0F43000555168 /* SDImageCache.m in Sources */ = {isa = PBXBuildFile; fileRef = 293C73F714D0F42F00555168 /* SDImageCache.m */; settings = {COMPILER_FLAGS = "-fno-objc-arc"; }; };
		293C741214D0F43000555168 /* SDWebImageDecoder.m in Sources */ = {isa = PBXBuildFile; fileRef = 293C73FE14D0F42F00555168 /* SDWebImageDecoder.m */; settings = {COMPILER_FLAGS = "-fno-objc-arc"; }; };
		293C741314D0F43000555168 /* SDWebImageDownloader.m in Sources */ = {isa = PBXBuildFile; fileRef = 293C740014D0F42F00555168 /* SDWebImageDownloader.m */; settings = {COMPILER_FLAGS = "-fno-objc-arc"; }; };
		293C741414D0F43000555168 /* SDWebImageManager.m in Sources */ = {isa = PBXBuildFile; fileRef = 293C740314D0F42F00555168 /* SDWebImageManager.m */; settings = {COMPILER_FLAGS = "-fno-objc-arc"; }; };
		293C741514D0F43000555168 /* SDWebImagePrefetcher.m in Sources */ = {isa = PBXBuildFile; fileRef = 293C740614D0F42F00555168 /* SDWebImagePrefetcher.m */; settings = {COMPILER_FLAGS = "-fno-objc-arc"; }; };
		293C741614D0F43000555168 /* UIButton+WebCache.m in Sources */ = {isa = PBXBuildFile; fileRef = 293C740814D0F42F00555168 /* UIButton+WebCache.m */; settings = {COMPILER_FLAGS = "-fno-objc-arc"; }; };
		293C741714D0F43000555168 /* UIImageView+WebCache.m in Sources */ = {isa = PBXBuildFile; fileRef = 293C740A14D0F42F00555168 /* UIImageView+WebCache.m */; settings = {COMPILER_FLAGS = "-fno-objc-arc"; }; };
		2943FCDA14C4B6D7000E5AD0 /* ImportFriendsViewController.m in Sources */ = {isa = PBXBuildFile; fileRef = 2943FCD914C4B6D7000E5AD0 /* ImportFriendsViewController.m */; };
		2943FCF014C4D71A000E5AD0 /* calendar.jpeg in Resources */ = {isa = PBXBuildFile; fileRef = 2943FCEC14C4D71A000E5AD0 /* calendar.jpeg */; };
		2943FCF114C4D71A000E5AD0 /* reminder.jpeg in Resources */ = {isa = PBXBuildFile; fileRef = 2943FCEE14C4D71A000E5AD0 /* reminder.jpeg */; };
		2943FCF714C4EDD3000E5AD0 /* PersonViewController.m in Sources */ = {isa = PBXBuildFile; fileRef = 2943FCF614C4EDD3000E5AD0 /* PersonViewController.m */; };
		295F912A14D8A699002CB85C /* QuartzCore.framework in Frameworks */ = {isa = PBXBuildFile; fileRef = 295F912914D8A699002CB85C /* QuartzCore.framework */; };
		2966B897155C9E4C00E43E84 /* FriendsGridViewController.m in Sources */ = {isa = PBXBuildFile; fileRef = 2966B896155C9E4C00E43E84 /* FriendsGridViewController.m */; };
		2968EFDA1558B6F500B6DFDF /* Group.m in Sources */ = {isa = PBXBuildFile; fileRef = 2968EFD91558B6F500B6DFDF /* Group.m */; };
		2968EFDD1558BDE200B6DFDF /* NewGroupPopOverViewController.m in Sources */ = {isa = PBXBuildFile; fileRef = 2968EFDC1558BDE200B6DFDF /* NewGroupPopOverViewController.m */; };
		296F298214D3083B0058892D /* Friend.m in Sources */ = {isa = PBXBuildFile; fileRef = 296F298114D3083B0058892D /* Friend.m */; };
		296F298614D330180058892D /* FriendUtility.m in Sources */ = {isa = PBXBuildFile; fileRef = 296F298514D330180058892D /* FriendUtility.m */; };
		296F298814D351B00058892D /* spinner.png in Resources */ = {isa = PBXBuildFile; fileRef = 296F298714D351B00058892D /* spinner.png */; };
		296F298F14D357CD0058892D /* tab-plans.png in Resources */ = {isa = PBXBuildFile; fileRef = 296F298914D357CC0058892D /* tab-plans.png */; };
		296F299014D357CD0058892D /* tab-reminder.png in Resources */ = {isa = PBXBuildFile; fileRef = 296F298B14D357CC0058892D /* tab-reminder.png */; };
		296F299114D357CD0058892D /* tab-targets.png in Resources */ = {isa = PBXBuildFile; fileRef = 296F298D14D357CD0058892D /* tab-targets.png */; };
		296F299314D376BB0058892D /* th_UberSocial.png in Resources */ = {isa = PBXBuildFile; fileRef = 296F299214D376BB0058892D /* th_UberSocial.png */; };
		296F299514D377700058892D /* Default.png in Resources */ = {isa = PBXBuildFile; fileRef = 296F299414D377700058892D /* Default.png */; };
		2972D36E14BD35FF00F74D6E /* UIKit.framework in Frameworks */ = {isa = PBXBuildFile; fileRef = 2972D36D14BD35FF00F74D6E /* UIKit.framework */; };
		2972D37014BD35FF00F74D6E /* Foundation.framework in Frameworks */ = {isa = PBXBuildFile; fileRef = 2972D36F14BD35FF00F74D6E /* Foundation.framework */; };
		2972D37214BD35FF00F74D6E /* CoreGraphics.framework in Frameworks */ = {isa = PBXBuildFile; fileRef = 2972D37114BD35FF00F74D6E /* CoreGraphics.framework */; };
		2972D37814BD35FF00F74D6E /* InfoPlist.strings in Resources */ = {isa = PBXBuildFile; fileRef = 2972D37614BD35FF00F74D6E /* InfoPlist.strings */; };
		2972D37A14BD35FF00F74D6E /* main.m in Sources */ = {isa = PBXBuildFile; fileRef = 2972D37914BD35FF00F74D6E /* main.m */; };
		2972D37E14BD35FF00F74D6E /* PlayerAppDelegate.m in Sources */ = {isa = PBXBuildFile; fileRef = 2972D37D14BD35FF00F74D6E /* PlayerAppDelegate.m */; };
		2972D38114BD35FF00F74D6E /* iPhone.storyboard in Resources */ = {isa = PBXBuildFile; fileRef = 2972D37F14BD35FF00F74D6E /* iPhone.storyboard */; };
		2972D38414BD35FF00F74D6E /* iPad.storyboard in Resources */ = {isa = PBXBuildFile; fileRef = 2972D38214BD35FF00F74D6E /* iPad.storyboard */; };
		2972D38714BD35FF00F74D6E /* PlayerViewController.m in Sources */ = {isa = PBXBuildFile; fileRef = 2972D38614BD35FF00F74D6E /* PlayerViewController.m */; };
		2972D38F14BD385B00F74D6E /* bg.jpg in Resources */ = {isa = PBXBuildFile; fileRef = 2972D38D14BD385B00F74D6E /* bg.jpg */; };
		2972D39214BD3BC200F74D6E /* facebook.png in Resources */ = {isa = PBXBuildFile; fileRef = 2972D39014BD3BC200F74D6E /* facebook.png */; };
		297BFD3E14D4C2D800B8141E /* bookshelf_empty.png in Resources */ = {isa = PBXBuildFile; fileRef = 297BFD3C14D4C2D800B8141E /* bookshelf_empty.png */; };
		297CBE1A15680DAB008253EE /* icloud-background.jpeg in Resources */ = {isa = PBXBuildFile; fileRef = 297CBE1915680DAB008253EE /* icloud-background.jpeg */; };
		297F1417152A1F2E00CEE6B1 /* GroupsGridViewController.m in Sources */ = {isa = PBXBuildFile; fileRef = 297F1416152A1F2E00CEE6B1 /* GroupsGridViewController.m */; };
		298035D414CC8F5800CBC93E /* Facebook.m in Sources */ = {isa = PBXBuildFile; fileRef = 298035B914CC8F5800CBC93E /* Facebook.m */; settings = {COMPILER_FLAGS = "-fno-objc-arc"; }; };
		298035D514CC8F5800CBC93E /* FBDialog.bundle in Resources */ = {isa = PBXBuildFile; fileRef = 298035BC14CC8F5800CBC93E /* FBDialog.bundle */; };
		298035D614CC8F5800CBC93E /* FBDialog.m in Sources */ = {isa = PBXBuildFile; fileRef = 298035BE14CC8F5800CBC93E /* FBDialog.m */; settings = {COMPILER_FLAGS = "-fno-objc-arc"; }; };
		298035D714CC8F5800CBC93E /* FBLoginDialog.m in Sources */ = {isa = PBXBuildFile; fileRef = 298035C014CC8F5800CBC93E /* FBLoginDialog.m */; settings = {COMPILER_FLAGS = "-fno-objc-arc"; }; };
		298035D814CC8F5800CBC93E /* FBRequest.m in Sources */ = {isa = PBXBuildFile; fileRef = 298035C214CC8F5800CBC93E /* FBRequest.m */; settings = {COMPILER_FLAGS = "-fno-objc-arc"; }; };
		298035D914CC8F5800CBC93E /* NSObject+SBJSON.m in Sources */ = {isa = PBXBuildFile; fileRef = 298035C614CC8F5800CBC93E /* NSObject+SBJSON.m */; settings = {COMPILER_FLAGS = "-fno-objc-arc"; }; };
		298035DA14CC8F5800CBC93E /* NSString+SBJSON.m in Sources */ = {isa = PBXBuildFile; fileRef = 298035C814CC8F5800CBC93E /* NSString+SBJSON.m */; settings = {COMPILER_FLAGS = "-fno-objc-arc"; }; };
		298035DB14CC8F5800CBC93E /* SBJSON.m in Sources */ = {isa = PBXBuildFile; fileRef = 298035CA14CC8F5800CBC93E /* SBJSON.m */; settings = {COMPILER_FLAGS = "-fno-objc-arc"; }; };
		298035DC14CC8F5800CBC93E /* SBJsonBase.m in Sources */ = {isa = PBXBuildFile; fileRef = 298035CC14CC8F5800CBC93E /* SBJsonBase.m */; settings = {COMPILER_FLAGS = "-fno-objc-arc"; }; };
		298035DD14CC8F5800CBC93E /* SBJsonParser.m in Sources */ = {isa = PBXBuildFile; fileRef = 298035CE14CC8F5800CBC93E /* SBJsonParser.m */; settings = {COMPILER_FLAGS = "-fno-objc-arc"; }; };
		298035DE14CC8F5800CBC93E /* SBJsonWriter.m in Sources */ = {isa = PBXBuildFile; fileRef = 298035D014CC8F5800CBC93E /* SBJsonWriter.m */; settings = {COMPILER_FLAGS = "-fno-objc-arc"; }; };
		2992C4411529049B00332CD2 /* Articles.plist in Resources */ = {isa = PBXBuildFile; fileRef = 2992C43E1529049B00332CD2 /* Articles.plist */; };
		2992C4421529049B00332CD2 /* AppleMusic.png in Resources */ = {isa = PBXBuildFile; fileRef = 2992C43F1529049B00332CD2 /* AppleMusic.png */; };
		29A3E8E015602FFA00E3CC61 /* FriendViewController.m in Sources */ = {isa = PBXBuildFile; fileRef = 29A3E8DF15602FF900E3CC61 /* FriendViewController.m */; };
		29A3E8E2156036C700E3CC61 /* paper.jpg in Resources */ = {isa = PBXBuildFile; fileRef = 29A3E8E1156036C700E3CC61 /* paper.jpg */; };
		29E5B6A314D8F97F00D00C0F /* close_x.png in Resources */ = {isa = PBXBuildFile; fileRef = 29E5B6A214D8F97F00D00C0F /* close_x.png */; };
		29E62D8514CC85B90083F9B6 /* FacebookViewController.m in Sources */ = {isa = PBXBuildFile; fileRef = 29E62D8414CC85B80083F9B6 /* FacebookViewController.m */; };
		29E62D8A14CC878F0083F9B6 /* icon.png in Resources */ = {isa = PBXBuildFile; fileRef = 29E62D8914CC878F0083F9B6 /* icon.png */; };
		29EAD8741559FFB300C6A1D2 /* FriendsManager.m in Sources */ = {isa = PBXBuildFile; fileRef = 29EAD8731559FFB300C6A1D2 /* FriendsManager.m */; };
/* End PBXBuildFile section */

/* Begin PBXContainerItemProxy section */
		2938505D15573AD2003B3D91 /* PBXContainerItemProxy */ = {
			isa = PBXContainerItemProxy;
			containerPortal = 2938504815573AD2003B3D91 /* GMGridView.xcodeproj */;
			proxyType = 2;
			remoteGlobalIDString = 78509312149FAC2E000787E4;
			remoteInfo = GMGridView;
		};
/* End PBXContainerItemProxy section */

/* Begin PBXFileReference section */
		2914978314BFC93C00B6FD7E /* ContactsTableViewController.h */ = {isa = PBXFileReference; fileEncoding = 4; lastKnownFileType = sourcecode.c.h; path = ContactsTableViewController.h; sourceTree = "<group>"; };
		2914978414BFC93C00B6FD7E /* ContactsTableViewController.m */ = {isa = PBXFileReference; fileEncoding = 4; lastKnownFileType = sourcecode.c.objc; path = ContactsTableViewController.m; sourceTree = "<group>"; };
		2914978714BFCAB400B6FD7E /* AddressBook.framework */ = {isa = PBXFileReference; lastKnownFileType = wrapper.framework; name = AddressBook.framework; path = System/Library/Frameworks/AddressBook.framework; sourceTree = SDKROOT; };
		2914978814BFCAB400B6FD7E /* AddressBookUI.framework */ = {isa = PBXFileReference; lastKnownFileType = wrapper.framework; name = AddressBookUI.framework; path = System/Library/Frameworks/AddressBookUI.framework; sourceTree = SDKROOT; };
		2938504515573AD2003B3D91 /* GMGridView-Constants.h */ = {isa = PBXFileReference; fileEncoding = 4; lastKnownFileType = sourcecode.c.h; path = "GMGridView-Constants.h"; sourceTree = "<group>"; };
		2938504615573AD2003B3D91 /* GMGridView.h */ = {isa = PBXFileReference; fileEncoding = 4; lastKnownFileType = sourcecode.c.h; path = GMGridView.h; sourceTree = "<group>"; };
		2938504715573AD2003B3D91 /* GMGridView.m */ = {isa = PBXFileReference; fileEncoding = 4; lastKnownFileType = sourcecode.c.objc; path = GMGridView.m; sourceTree = "<group>"; };
		2938504815573AD2003B3D91 /* GMGridView.xcodeproj */ = {isa = PBXFileReference; lastKnownFileType = "wrapper.pb-project"; path = GMGridView.xcodeproj; sourceTree = "<group>"; };
		2938504B15573AD2003B3D91 /* GMGridViewCell+Extended.h */ = {isa = PBXFileReference; fileEncoding = 4; lastKnownFileType = sourcecode.c.h; path = "GMGridViewCell+Extended.h"; sourceTree = "<group>"; };
		2938504C15573AD2003B3D91 /* GMGridViewCell.h */ = {isa = PBXFileReference; fileEncoding = 4; lastKnownFileType = sourcecode.c.h; path = GMGridViewCell.h; sourceTree = "<group>"; };
		2938504D15573AD2003B3D91 /* GMGridViewCell.m */ = {isa = PBXFileReference; fileEncoding = 4; lastKnownFileType = sourcecode.c.objc; path = GMGridViewCell.m; sourceTree = "<group>"; };
		2938504E15573AD2003B3D91 /* GMGridViewLayoutStrategies.h */ = {isa = PBXFileReference; fileEncoding = 4; lastKnownFileType = sourcecode.c.h; path = GMGridViewLayoutStrategies.h; sourceTree = "<group>"; };
		2938504F15573AD2003B3D91 /* GMGridViewLayoutStrategies.m */ = {isa = PBXFileReference; fileEncoding = 4; lastKnownFileType = sourcecode.c.objc; path = GMGridViewLayoutStrategies.m; sourceTree = "<group>"; };
		2938505015573AD2003B3D91 /* UIGestureRecognizer+GMGridViewAdditions.h */ = {isa = PBXFileReference; fileEncoding = 4; lastKnownFileType = sourcecode.c.h; path = "UIGestureRecognizer+GMGridViewAdditions.h"; sourceTree = "<group>"; };
		2938505115573AD2003B3D91 /* UIGestureRecognizer+GMGridViewAdditions.m */ = {isa = PBXFileReference; fileEncoding = 4; lastKnownFileType = sourcecode.c.objc; path = "UIGestureRecognizer+GMGridViewAdditions.m"; sourceTree = "<group>"; };
		2938505215573AD2003B3D91 /* UIView+GMGridViewAdditions.h */ = {isa = PBXFileReference; fileEncoding = 4; lastKnownFileType = sourcecode.c.h; path = "UIView+GMGridViewAdditions.h"; sourceTree = "<group>"; };
		2938505315573AD2003B3D91 /* UIView+GMGridViewAdditions.m */ = {isa = PBXFileReference; fileEncoding = 4; lastKnownFileType = sourcecode.c.objc; path = "UIView+GMGridViewAdditions.m"; sourceTree = "<group>"; };
		293C73F614D0F42F00555168 /* SDImageCache.h */ = {isa = PBXFileReference; fileEncoding = 4; lastKnownFileType = sourcecode.c.h; path = SDImageCache.h; sourceTree = "<group>"; };
		293C73F714D0F42F00555168 /* SDImageCache.m */ = {isa = PBXFileReference; fileEncoding = 4; lastKnownFileType = sourcecode.c.objc; path = SDImageCache.m; sourceTree = "<group>"; };
		293C73F814D0F42F00555168 /* SDImageCacheDelegate.h */ = {isa = PBXFileReference; fileEncoding = 4; lastKnownFileType = sourcecode.c.h; path = SDImageCacheDelegate.h; sourceTree = "<group>"; };
		293C73FC14D0F42F00555168 /* SDWebImageCompat.h */ = {isa = PBXFileReference; fileEncoding = 4; lastKnownFileType = sourcecode.c.h; path = SDWebImageCompat.h; sourceTree = "<group>"; };
		293C73FD14D0F42F00555168 /* SDWebImageDecoder.h */ = {isa = PBXFileReference; fileEncoding = 4; lastKnownFileType = sourcecode.c.h; path = SDWebImageDecoder.h; sourceTree = "<group>"; };
		293C73FE14D0F42F00555168 /* SDWebImageDecoder.m */ = {isa = PBXFileReference; fileEncoding = 4; lastKnownFileType = sourcecode.c.objc; path = SDWebImageDecoder.m; sourceTree = "<group>"; };
		293C73FF14D0F42F00555168 /* SDWebImageDownloader.h */ = {isa = PBXFileReference; fileEncoding = 4; lastKnownFileType = sourcecode.c.h; path = SDWebImageDownloader.h; sourceTree = "<group>"; };
		293C740014D0F42F00555168 /* SDWebImageDownloader.m */ = {isa = PBXFileReference; fileEncoding = 4; lastKnownFileType = sourcecode.c.objc; path = SDWebImageDownloader.m; sourceTree = "<group>"; };
		293C740114D0F42F00555168 /* SDWebImageDownloaderDelegate.h */ = {isa = PBXFileReference; fileEncoding = 4; lastKnownFileType = sourcecode.c.h; path = SDWebImageDownloaderDelegate.h; sourceTree = "<group>"; };
		293C740214D0F42F00555168 /* SDWebImageManager.h */ = {isa = PBXFileReference; fileEncoding = 4; lastKnownFileType = sourcecode.c.h; path = SDWebImageManager.h; sourceTree = "<group>"; };
		293C740314D0F42F00555168 /* SDWebImageManager.m */ = {isa = PBXFileReference; fileEncoding = 4; lastKnownFileType = sourcecode.c.objc; path = SDWebImageManager.m; sourceTree = "<group>"; };
		293C740414D0F42F00555168 /* SDWebImageManagerDelegate.h */ = {isa = PBXFileReference; fileEncoding = 4; lastKnownFileType = sourcecode.c.h; path = SDWebImageManagerDelegate.h; sourceTree = "<group>"; };
		293C740514D0F42F00555168 /* SDWebImagePrefetcher.h */ = {isa = PBXFileReference; fileEncoding = 4; lastKnownFileType = sourcecode.c.h; path = SDWebImagePrefetcher.h; sourceTree = "<group>"; };
		293C740614D0F42F00555168 /* SDWebImagePrefetcher.m */ = {isa = PBXFileReference; fileEncoding = 4; lastKnownFileType = sourcecode.c.objc; path = SDWebImagePrefetcher.m; sourceTree = "<group>"; };
		293C740714D0F42F00555168 /* UIButton+WebCache.h */ = {isa = PBXFileReference; fileEncoding = 4; lastKnownFileType = sourcecode.c.h; path = "UIButton+WebCache.h"; sourceTree = "<group>"; };
		293C740814D0F42F00555168 /* UIButton+WebCache.m */ = {isa = PBXFileReference; fileEncoding = 4; lastKnownFileType = sourcecode.c.objc; path = "UIButton+WebCache.m"; sourceTree = "<group>"; };
		293C740914D0F42F00555168 /* UIImageView+WebCache.h */ = {isa = PBXFileReference; fileEncoding = 4; lastKnownFileType = sourcecode.c.h; path = "UIImageView+WebCache.h"; sourceTree = "<group>"; };
		293C740A14D0F42F00555168 /* UIImageView+WebCache.m */ = {isa = PBXFileReference; fileEncoding = 4; lastKnownFileType = sourcecode.c.objc; path = "UIImageView+WebCache.m"; sourceTree = "<group>"; };
		2943FCD814C4B6D7000E5AD0 /* ImportFriendsViewController.h */ = {isa = PBXFileReference; fileEncoding = 4; lastKnownFileType = sourcecode.c.h; path = ImportFriendsViewController.h; sourceTree = "<group>"; };
		2943FCD914C4B6D7000E5AD0 /* ImportFriendsViewController.m */ = {isa = PBXFileReference; fileEncoding = 4; lastKnownFileType = sourcecode.c.objc; path = ImportFriendsViewController.m; sourceTree = "<group>"; };
		2943FCED14C4D71A000E5AD0 /* en */ = {isa = PBXFileReference; lastKnownFileType = image.jpeg; name = en; path = en.lproj/calendar.jpeg; sourceTree = "<group>"; };
		2943FCEF14C4D71A000E5AD0 /* en */ = {isa = PBXFileReference; lastKnownFileType = image.jpeg; name = en; path = en.lproj/reminder.jpeg; sourceTree = "<group>"; };
		2943FCF514C4EDD3000E5AD0 /* PersonViewController.h */ = {isa = PBXFileReference; fileEncoding = 4; lastKnownFileType = sourcecode.c.h; path = PersonViewController.h; sourceTree = "<group>"; };
		2943FCF614C4EDD3000E5AD0 /* PersonViewController.m */ = {isa = PBXFileReference; fileEncoding = 4; lastKnownFileType = sourcecode.c.objc; path = PersonViewController.m; sourceTree = "<group>"; };
		295F912914D8A699002CB85C /* QuartzCore.framework */ = {isa = PBXFileReference; lastKnownFileType = wrapper.framework; name = QuartzCore.framework; path = System/Library/Frameworks/QuartzCore.framework; sourceTree = SDKROOT; };
		2966B895155C9E4C00E43E84 /* FriendsGridViewController.h */ = {isa = PBXFileReference; fileEncoding = 4; lastKnownFileType = sourcecode.c.h; path = FriendsGridViewController.h; sourceTree = "<group>"; };
		2966B896155C9E4C00E43E84 /* FriendsGridViewController.m */ = {isa = PBXFileReference; fileEncoding = 4; lastKnownFileType = sourcecode.c.objc; path = FriendsGridViewController.m; sourceTree = "<group>"; };
		2968EFD81558B6F500B6DFDF /* Group.h */ = {isa = PBXFileReference; fileEncoding = 4; lastKnownFileType = sourcecode.c.h; path = Group.h; sourceTree = "<group>"; };
		2968EFD91558B6F500B6DFDF /* Group.m */ = {isa = PBXFileReference; fileEncoding = 4; lastKnownFileType = sourcecode.c.objc; path = Group.m; sourceTree = "<group>"; };
		2968EFDB1558BDE200B6DFDF /* NewGroupPopOverViewController.h */ = {isa = PBXFileReference; fileEncoding = 4; lastKnownFileType = sourcecode.c.h; path = NewGroupPopOverViewController.h; sourceTree = "<group>"; };
		2968EFDC1558BDE200B6DFDF /* NewGroupPopOverViewController.m */ = {isa = PBXFileReference; fileEncoding = 4; lastKnownFileType = sourcecode.c.objc; path = NewGroupPopOverViewController.m; sourceTree = "<group>"; };
		296F298014D3083B0058892D /* Friend.h */ = {isa = PBXFileReference; fileEncoding = 4; lastKnownFileType = sourcecode.c.h; path = Friend.h; sourceTree = "<group>"; };
		296F298114D3083B0058892D /* Friend.m */ = {isa = PBXFileReference; fileEncoding = 4; lastKnownFileType = sourcecode.c.objc; path = Friend.m; sourceTree = "<group>"; };
		296F298414D330180058892D /* FriendUtility.h */ = {isa = PBXFileReference; fileEncoding = 4; lastKnownFileType = sourcecode.c.h; path = FriendUtility.h; sourceTree = "<group>"; };
		296F298514D330180058892D /* FriendUtility.m */ = {isa = PBXFileReference; fileEncoding = 4; lastKnownFileType = sourcecode.c.objc; path = FriendUtility.m; sourceTree = "<group>"; };
		296F298714D351B00058892D /* spinner.png */ = {isa = PBXFileReference; lastKnownFileType = image.png; name = spinner.png; path = ../spinner.png; sourceTree = "<group>"; };
		296F298A14D357CC0058892D /* en */ = {isa = PBXFileReference; lastKnownFileType = image.png; name = en; path = "en.lproj/tab-plans.png"; sourceTree = "<group>"; };
		296F298C14D357CD0058892D /* en */ = {isa = PBXFileReference; lastKnownFileType = image.png; name = en; path = "en.lproj/tab-reminder.png"; sourceTree = "<group>"; };
		296F298E14D357CD0058892D /* en */ = {isa = PBXFileReference; lastKnownFileType = image.png; name = en; path = "en.lproj/tab-targets.png"; sourceTree = "<group>"; };
		296F299214D376BB0058892D /* th_UberSocial.png */ = {isa = PBXFileReference; lastKnownFileType = image.png; name = th_UberSocial.png; path = ../th_UberSocial.png; sourceTree = "<group>"; };
		296F299414D377700058892D /* Default.png */ = {isa = PBXFileReference; lastKnownFileType = image.png; name = Default.png; path = ../Default.png; sourceTree = "<group>"; };
		2972D36914BD35FF00F74D6E /* Player.app */ = {isa = PBXFileReference; explicitFileType = wrapper.application; includeInIndex = 0; path = Player.app; sourceTree = BUILT_PRODUCTS_DIR; };
		2972D36D14BD35FF00F74D6E /* UIKit.framework */ = {isa = PBXFileReference; lastKnownFileType = wrapper.framework; name = UIKit.framework; path = System/Library/Frameworks/UIKit.framework; sourceTree = SDKROOT; };
		2972D36F14BD35FF00F74D6E /* Foundation.framework */ = {isa = PBXFileReference; lastKnownFileType = wrapper.framework; name = Foundation.framework; path = System/Library/Frameworks/Foundation.framework; sourceTree = SDKROOT; };
		2972D37114BD35FF00F74D6E /* CoreGraphics.framework */ = {isa = PBXFileReference; lastKnownFileType = wrapper.framework; name = CoreGraphics.framework; path = System/Library/Frameworks/CoreGraphics.framework; sourceTree = SDKROOT; };
		2972D37514BD35FF00F74D6E /* Player-Info.plist */ = {isa = PBXFileReference; lastKnownFileType = text.plist.xml; path = "Player-Info.plist"; sourceTree = "<group>"; };
		2972D37714BD35FF00F74D6E /* en */ = {isa = PBXFileReference; lastKnownFileType = text.plist.strings; name = en; path = en.lproj/InfoPlist.strings; sourceTree = "<group>"; };
		2972D37914BD35FF00F74D6E /* main.m */ = {isa = PBXFileReference; lastKnownFileType = sourcecode.c.objc; path = main.m; sourceTree = "<group>"; };
		2972D37B14BD35FF00F74D6E /* Player-Prefix.pch */ = {isa = PBXFileReference; lastKnownFileType = sourcecode.c.h; path = "Player-Prefix.pch"; sourceTree = "<group>"; };
		2972D37C14BD35FF00F74D6E /* PlayerAppDelegate.h */ = {isa = PBXFileReference; lastKnownFileType = sourcecode.c.h; path = PlayerAppDelegate.h; sourceTree = "<group>"; };
		2972D37D14BD35FF00F74D6E /* PlayerAppDelegate.m */ = {isa = PBXFileReference; lastKnownFileType = sourcecode.c.objc; path = PlayerAppDelegate.m; sourceTree = "<group>"; };
		2972D38014BD35FF00F74D6E /* en */ = {isa = PBXFileReference; lastKnownFileType = file.storyboard; name = en; path = en.lproj/iPhone.storyboard; sourceTree = "<group>"; };
		2972D38314BD35FF00F74D6E /* en */ = {isa = PBXFileReference; lastKnownFileType = file.storyboard; name = en; path = en.lproj/iPad.storyboard; sourceTree = "<group>"; };
		2972D38514BD35FF00F74D6E /* PlayerViewController.h */ = {isa = PBXFileReference; lastKnownFileType = sourcecode.c.h; path = PlayerViewController.h; sourceTree = "<group>"; };
		2972D38614BD35FF00F74D6E /* PlayerViewController.m */ = {isa = PBXFileReference; lastKnownFileType = sourcecode.c.objc; path = PlayerViewController.m; sourceTree = "<group>"; };
		2972D38E14BD385B00F74D6E /* en */ = {isa = PBXFileReference; lastKnownFileType = image.jpeg; name = en; path = en.lproj/bg.jpg; sourceTree = "<group>"; };
		2972D39114BD3BC200F74D6E /* en */ = {isa = PBXFileReference; lastKnownFileType = image.png; name = en; path = en.lproj/facebook.png; sourceTree = "<group>"; };
		297BFD3D14D4C2D800B8141E /* en */ = {isa = PBXFileReference; lastKnownFileType = image.png; name = en; path = Player/en.lproj/bookshelf_empty.png; sourceTree = "<group>"; };
		297CBE1915680DAB008253EE /* icloud-background.jpeg */ = {isa = PBXFileReference; lastKnownFileType = image.jpeg; path = "icloud-background.jpeg"; sourceTree = "<group>"; };
		297F1415152A1F2E00CEE6B1 /* GroupsGridViewController.h */ = {isa = PBXFileReference; fileEncoding = 4; lastKnownFileType = sourcecode.c.h; path = GroupsGridViewController.h; sourceTree = "<group>"; };
		297F1416152A1F2E00CEE6B1 /* GroupsGridViewController.m */ = {isa = PBXFileReference; fileEncoding = 4; lastKnownFileType = sourcecode.c.objc; path = GroupsGridViewController.m; sourceTree = "<group>"; };
		298035B814CC8F5800CBC93E /* Facebook.h */ = {isa = PBXFileReference; fileEncoding = 4; lastKnownFileType = sourcecode.c.h; path = Facebook.h; sourceTree = "<group>"; };
		298035B914CC8F5800CBC93E /* Facebook.m */ = {isa = PBXFileReference; fileEncoding = 4; lastKnownFileType = sourcecode.c.objc; path = Facebook.m; sourceTree = "<group>"; };
		298035BA14CC8F5800CBC93E /* facebook_ios_sdk_Prefix.pch */ = {isa = PBXFileReference; fileEncoding = 4; lastKnownFileType = sourcecode.c.h; path = facebook_ios_sdk_Prefix.pch; sourceTree = "<group>"; };
		298035BB14CC8F5800CBC93E /* FBConnect.h */ = {isa = PBXFileReference; fileEncoding = 4; lastKnownFileType = sourcecode.c.h; path = FBConnect.h; sourceTree = "<group>"; };
		298035BC14CC8F5800CBC93E /* FBDialog.bundle */ = {isa = PBXFileReference; lastKnownFileType = "wrapper.plug-in"; path = FBDialog.bundle; sourceTree = "<group>"; };
		298035BD14CC8F5800CBC93E /* FBDialog.h */ = {isa = PBXFileReference; fileEncoding = 4; lastKnownFileType = sourcecode.c.h; path = FBDialog.h; sourceTree = "<group>"; };
		298035BE14CC8F5800CBC93E /* FBDialog.m */ = {isa = PBXFileReference; fileEncoding = 4; lastKnownFileType = sourcecode.c.objc; path = FBDialog.m; sourceTree = "<group>"; };
		298035BF14CC8F5800CBC93E /* FBLoginDialog.h */ = {isa = PBXFileReference; fileEncoding = 4; lastKnownFileType = sourcecode.c.h; path = FBLoginDialog.h; sourceTree = "<group>"; };
		298035C014CC8F5800CBC93E /* FBLoginDialog.m */ = {isa = PBXFileReference; fileEncoding = 4; lastKnownFileType = sourcecode.c.objc; path = FBLoginDialog.m; sourceTree = "<group>"; };
		298035C114CC8F5800CBC93E /* FBRequest.h */ = {isa = PBXFileReference; fileEncoding = 4; lastKnownFileType = sourcecode.c.h; path = FBRequest.h; sourceTree = "<group>"; };
		298035C214CC8F5800CBC93E /* FBRequest.m */ = {isa = PBXFileReference; fileEncoding = 4; lastKnownFileType = sourcecode.c.objc; path = FBRequest.m; sourceTree = "<group>"; };
		298035C414CC8F5800CBC93E /* JSON.h */ = {isa = PBXFileReference; fileEncoding = 4; lastKnownFileType = sourcecode.c.h; path = JSON.h; sourceTree = "<group>"; };
		298035C514CC8F5800CBC93E /* NSObject+SBJSON.h */ = {isa = PBXFileReference; fileEncoding = 4; lastKnownFileType = sourcecode.c.h; path = "NSObject+SBJSON.h"; sourceTree = "<group>"; };
		298035C614CC8F5800CBC93E /* NSObject+SBJSON.m */ = {isa = PBXFileReference; fileEncoding = 4; lastKnownFileType = sourcecode.c.objc; path = "NSObject+SBJSON.m"; sourceTree = "<group>"; };
		298035C714CC8F5800CBC93E /* NSString+SBJSON.h */ = {isa = PBXFileReference; fileEncoding = 4; lastKnownFileType = sourcecode.c.h; path = "NSString+SBJSON.h"; sourceTree = "<group>"; };
		298035C814CC8F5800CBC93E /* NSString+SBJSON.m */ = {isa = PBXFileReference; fileEncoding = 4; lastKnownFileType = sourcecode.c.objc; path = "NSString+SBJSON.m"; sourceTree = "<group>"; };
		298035C914CC8F5800CBC93E /* SBJSON.h */ = {isa = PBXFileReference; fileEncoding = 4; lastKnownFileType = sourcecode.c.h; path = SBJSON.h; sourceTree = "<group>"; };
		298035CA14CC8F5800CBC93E /* SBJSON.m */ = {isa = PBXFileReference; fileEncoding = 4; lastKnownFileType = sourcecode.c.objc; path = SBJSON.m; sourceTree = "<group>"; };
		298035CB14CC8F5800CBC93E /* SBJsonBase.h */ = {isa = PBXFileReference; fileEncoding = 4; lastKnownFileType = sourcecode.c.h; path = SBJsonBase.h; sourceTree = "<group>"; };
		298035CC14CC8F5800CBC93E /* SBJsonBase.m */ = {isa = PBXFileReference; fileEncoding = 4; lastKnownFileType = sourcecode.c.objc; path = SBJsonBase.m; sourceTree = "<group>"; };
		298035CD14CC8F5800CBC93E /* SBJsonParser.h */ = {isa = PBXFileReference; fileEncoding = 4; lastKnownFileType = sourcecode.c.h; path = SBJsonParser.h; sourceTree = "<group>"; };
		298035CE14CC8F5800CBC93E /* SBJsonParser.m */ = {isa = PBXFileReference; fileEncoding = 4; lastKnownFileType = sourcecode.c.objc; path = SBJsonParser.m; sourceTree = "<group>"; };
		298035CF14CC8F5800CBC93E /* SBJsonWriter.h */ = {isa = PBXFileReference; fileEncoding = 4; lastKnownFileType = sourcecode.c.h; path = SBJsonWriter.h; sourceTree = "<group>"; };
		298035D014CC8F5800CBC93E /* SBJsonWriter.m */ = {isa = PBXFileReference; fileEncoding = 4; lastKnownFileType = sourcecode.c.objc; path = SBJsonWriter.m; sourceTree = "<group>"; };
		2992C43E1529049B00332CD2 /* Articles.plist */ = {isa = PBXFileReference; fileEncoding = 4; lastKnownFileType = text.plist.xml; path = Articles.plist; sourceTree = "<group>"; };
		2992C43F1529049B00332CD2 /* AppleMusic.png */ = {isa = PBXFileReference; lastKnownFileType = image.png; path = AppleMusic.png; sourceTree = "<group>"; };
		29A3E8DE15602FF900E3CC61 /* FriendViewController.h */ = {isa = PBXFileReference; fileEncoding = 4; lastKnownFileType = sourcecode.c.h; path = FriendViewController.h; sourceTree = "<group>"; };
		29A3E8DF15602FF900E3CC61 /* FriendViewController.m */ = {isa = PBXFileReference; fileEncoding = 4; lastKnownFileType = sourcecode.c.objc; path = FriendViewController.m; sourceTree = "<group>"; };
		29A3E8E1156036C700E3CC61 /* paper.jpg */ = {isa = PBXFileReference; lastKnownFileType = image.jpeg; path = paper.jpg; sourceTree = "<group>"; };
		29E5B6A214D8F97F00D00C0F /* close_x.png */ = {isa = PBXFileReference; lastKnownFileType = image.png; path = close_x.png; sourceTree = "<group>"; };
		29E62D8314CC85B80083F9B6 /* FacebookViewController.h */ = {isa = PBXFileReference; fileEncoding = 4; lastKnownFileType = sourcecode.c.h; path = FacebookViewController.h; sourceTree = "<group>"; };
		29E62D8414CC85B80083F9B6 /* FacebookViewController.m */ = {isa = PBXFileReference; fileEncoding = 4; lastKnownFileType = sourcecode.c.objc; path = FacebookViewController.m; sourceTree = "<group>"; };
		29E62D8914CC878F0083F9B6 /* icon.png */ = {isa = PBXFileReference; lastKnownFileType = image.png; name = icon.png; path = ../icon.png; sourceTree = "<group>"; };
		29EAD8721559FFB300C6A1D2 /* FriendsManager.h */ = {isa = PBXFileReference; fileEncoding = 4; lastKnownFileType = sourcecode.c.h; path = FriendsManager.h; sourceTree = "<group>"; };
		29EAD8731559FFB300C6A1D2 /* FriendsManager.m */ = {isa = PBXFileReference; fileEncoding = 4; lastKnownFileType = sourcecode.c.objc; path = FriendsManager.m; sourceTree = "<group>"; };
/* End PBXFileReference section */

/* Begin PBXFrameworksBuildPhase section */
		2972D36614BD35FF00F74D6E /* Frameworks */ = {
			isa = PBXFrameworksBuildPhase;
			buildActionMask = 2147483647;
			files = (
				295F912A14D8A699002CB85C /* QuartzCore.framework in Frameworks */,
				2914978914BFCAB400B6FD7E /* AddressBook.framework in Frameworks */,
				2914978A14BFCAB400B6FD7E /* AddressBookUI.framework in Frameworks */,
				2972D36E14BD35FF00F74D6E /* UIKit.framework in Frameworks */,
				2972D37014BD35FF00F74D6E /* Foundation.framework in Frameworks */,
				2972D37214BD35FF00F74D6E /* CoreGraphics.framework in Frameworks */,
			);
			runOnlyForDeploymentPostprocessing = 0;
		};
/* End PBXFrameworksBuildPhase section */

/* Begin PBXGroup section */
		2938504415573AD2003B3D91 /* GMGridView */ = {
			isa = PBXGroup;
			children = (
				2938504515573AD2003B3D91 /* GMGridView-Constants.h */,
				2938504615573AD2003B3D91 /* GMGridView.h */,
				2938504715573AD2003B3D91 /* GMGridView.m */,
				2938504815573AD2003B3D91 /* GMGridView.xcodeproj */,
				2938504B15573AD2003B3D91 /* GMGridViewCell+Extended.h */,
				2938504C15573AD2003B3D91 /* GMGridViewCell.h */,
				2938504D15573AD2003B3D91 /* GMGridViewCell.m */,
				2938504E15573AD2003B3D91 /* GMGridViewLayoutStrategies.h */,
				2938504F15573AD2003B3D91 /* GMGridViewLayoutStrategies.m */,
				2938505015573AD2003B3D91 /* UIGestureRecognizer+GMGridViewAdditions.h */,
				2938505115573AD2003B3D91 /* UIGestureRecognizer+GMGridViewAdditions.m */,
				2938505215573AD2003B3D91 /* UIView+GMGridViewAdditions.h */,
				2938505315573AD2003B3D91 /* UIView+GMGridViewAdditions.m */,
			);
			name = GMGridView;
			path = Player/GMGridView;
			sourceTree = "<group>";
		};
		2938504915573AD2003B3D91 /* Products */ = {
			isa = PBXGroup;
			children = (
				2938505E15573AD2003B3D91 /* libGMGridView.a */,
			);
			name = Products;
			sourceTree = "<group>";
		};
		293C73F214D0F42F00555168 /* SDWebImage */ = {
			isa = PBXGroup;
			children = (
				293C73F614D0F42F00555168 /* SDImageCache.h */,
				293C73F714D0F42F00555168 /* SDImageCache.m */,
				293C73F814D0F42F00555168 /* SDImageCacheDelegate.h */,
				293C73FC14D0F42F00555168 /* SDWebImageCompat.h */,
				293C73FD14D0F42F00555168 /* SDWebImageDecoder.h */,
				293C73FE14D0F42F00555168 /* SDWebImageDecoder.m */,
				293C73FF14D0F42F00555168 /* SDWebImageDownloader.h */,
				293C740014D0F42F00555168 /* SDWebImageDownloader.m */,
				293C740114D0F42F00555168 /* SDWebImageDownloaderDelegate.h */,
				293C740214D0F42F00555168 /* SDWebImageManager.h */,
				293C740314D0F42F00555168 /* SDWebImageManager.m */,
				293C740414D0F42F00555168 /* SDWebImageManagerDelegate.h */,
				293C740514D0F42F00555168 /* SDWebImagePrefetcher.h */,
				293C740614D0F42F00555168 /* SDWebImagePrefetcher.m */,
				293C740714D0F42F00555168 /* UIButton+WebCache.h */,
				293C740814D0F42F00555168 /* UIButton+WebCache.m */,
				293C740914D0F42F00555168 /* UIImageView+WebCache.h */,
				293C740A14D0F42F00555168 /* UIImageView+WebCache.m */,
			);
			name = SDWebImage;
			path = "rs-SDWebImage-8318b29";
			sourceTree = "<group>";
		};
		2943FCD314C4B586000E5AD0 /* Assets */ = {
			isa = PBXGroup;
			children = (
				297CBE1915680DAB008253EE /* icloud-background.jpeg */,
				29A3E8E1156036C700E3CC61 /* paper.jpg */,
				2992C43F1529049B00332CD2 /* AppleMusic.png */,
				29E5B6A214D8F97F00D00C0F /* close_x.png */,
				297BFD3C14D4C2D800B8141E /* bookshelf_empty.png */,
				296F299414D377700058892D /* Default.png */,
				296F299214D376BB0058892D /* th_UberSocial.png */,
				296F298714D351B00058892D /* spinner.png */,
				296F298914D357CC0058892D /* tab-plans.png */,
				296F298B14D357CC0058892D /* tab-reminder.png */,
				296F298D14D357CD0058892D /* tab-targets.png */,
				29E62D8914CC878F0083F9B6 /* icon.png */,
				2943FCEC14C4D71A000E5AD0 /* calendar.jpeg */,
				2943FCEE14C4D71A000E5AD0 /* reminder.jpeg */,
				2972D39014BD3BC200F74D6E /* facebook.png */,
				2972D38D14BD385B00F74D6E /* bg.jpg */,
			);
			name = Assets;
			sourceTree = "<group>";
		};
		2943FCDB14C4BDF7000E5AD0 /* Friends */ = {
			isa = PBXGroup;
			children = (
				29CFB7CC15461C3C00C21001 /* Facebook */,
				29E62D8814CC85D00083F9B6 /* AddressBook */,
				2943FCD814C4B6D7000E5AD0 /* ImportFriendsViewController.h */,
				2943FCD914C4B6D7000E5AD0 /* ImportFriendsViewController.m */,
				297F1415152A1F2E00CEE6B1 /* GroupsGridViewController.h */,
				297F1416152A1F2E00CEE6B1 /* GroupsGridViewController.m */,
				29EAD8721559FFB300C6A1D2 /* FriendsManager.h */,
				29EAD8731559FFB300C6A1D2 /* FriendsManager.m */,
				2966B895155C9E4C00E43E84 /* FriendsGridViewController.h */,
				2966B896155C9E4C00E43E84 /* FriendsGridViewController.m */,
				296F298414D330180058892D /* FriendUtility.h */,
				296F298514D330180058892D /* FriendUtility.m */,
				296F298014D3083B0058892D /* Friend.h */,
				296F298114D3083B0058892D /* Friend.m */,
				2968EFD81558B6F500B6DFDF /* Group.h */,
				2968EFD91558B6F500B6DFDF /* Group.m */,
				29A3E8DE15602FF900E3CC61 /* FriendViewController.h */,
				29A3E8DF15602FF900E3CC61 /* FriendViewController.m */,
				2943FCF514C4EDD3000E5AD0 /* PersonViewController.h */,
				2943FCF614C4EDD3000E5AD0 /* PersonViewController.m */,
				2968EFDB1558BDE200B6DFDF /* NewGroupPopOverViewController.h */,
				2968EFDC1558BDE200B6DFDF /* NewGroupPopOverViewController.m */,
			);
			name = Friends;
			sourceTree = "<group>";
		};
		2972D35E14BD35FF00F74D6E = {
			isa = PBXGroup;
			children = (
				2972D37314BD35FF00F74D6E /* Player */,
				2972D36C14BD35FF00F74D6E /* Frameworks */,
				2972D36A14BD35FF00F74D6E /* Products */,
			);
			sourceTree = "<group>";
		};
		2972D36A14BD35FF00F74D6E /* Products */ = {
			isa = PBXGroup;
			children = (
				2972D36914BD35FF00F74D6E /* Player.app */,
			);
			name = Products;
			sourceTree = "<group>";
		};
		2972D36C14BD35FF00F74D6E /* Frameworks */ = {
			isa = PBXGroup;
			children = (
				2938504415573AD2003B3D91 /* GMGridView */,
				298035B414CC8F5800CBC93E /* Facebook API */,
				293C73F214D0F42F00555168 /* SDWebImage */,
				295F912914D8A699002CB85C /* QuartzCore.framework */,
				2914978714BFCAB400B6FD7E /* AddressBook.framework */,
				2914978814BFCAB400B6FD7E /* AddressBookUI.framework */,
				2972D36D14BD35FF00F74D6E /* UIKit.framework */,
				2972D36F14BD35FF00F74D6E /* Foundation.framework */,
				2972D37114BD35FF00F74D6E /* CoreGraphics.framework */,
			);
			name = Frameworks;
			sourceTree = "<group>";
		};
		2972D37314BD35FF00F74D6E /* Player */ = {
			isa = PBXGroup;
			children = (
				2972D37C14BD35FF00F74D6E /* PlayerAppDelegate.h */,
				2972D37D14BD35FF00F74D6E /* PlayerAppDelegate.m */,
				2943FCDB14C4BDF7000E5AD0 /* Friends */,
				2972D38514BD35FF00F74D6E /* PlayerViewController.h */,
				2972D38614BD35FF00F74D6E /* PlayerViewController.m */,
				2972D37F14BD35FF00F74D6E /* iPhone.storyboard */,
				2972D38214BD35FF00F74D6E /* iPad.storyboard */,
				2992C43E1529049B00332CD2 /* Articles.plist */,
				2943FCD314C4B586000E5AD0 /* Assets */,
				2972D37414BD35FF00F74D6E /* Supporting Files */,
			);
			path = Player;
			sourceTree = "<group>";
		};
		2972D37414BD35FF00F74D6E /* Supporting Files */ = {
			isa = PBXGroup;
			children = (
				2972D37514BD35FF00F74D6E /* Player-Info.plist */,
				2972D37614BD35FF00F74D6E /* InfoPlist.strings */,
				2972D37914BD35FF00F74D6E /* main.m */,
				2972D37B14BD35FF00F74D6E /* Player-Prefix.pch */,
			);
			name = "Supporting Files";
			sourceTree = "<group>";
		};
		298035B414CC8F5800CBC93E /* Facebook API */ = {
			isa = PBXGroup;
			children = (
				298035B814CC8F5800CBC93E /* Facebook.h */,
				298035B914CC8F5800CBC93E /* Facebook.m */,
				298035BA14CC8F5800CBC93E /* facebook_ios_sdk_Prefix.pch */,
				298035BB14CC8F5800CBC93E /* FBConnect.h */,
				298035BC14CC8F5800CBC93E /* FBDialog.bundle */,
				298035BD14CC8F5800CBC93E /* FBDialog.h */,
				298035BE14CC8F5800CBC93E /* FBDialog.m */,
				298035BF14CC8F5800CBC93E /* FBLoginDialog.h */,
				298035C014CC8F5800CBC93E /* FBLoginDialog.m */,
				298035C114CC8F5800CBC93E /* FBRequest.h */,
				298035C214CC8F5800CBC93E /* FBRequest.m */,
				298035C314CC8F5800CBC93E /* JSON */,
			);
			name = "Facebook API";
			path = "Player/Facebook API";
			sourceTree = "<group>";
		};
		298035C314CC8F5800CBC93E /* JSON */ = {
			isa = PBXGroup;
			children = (
				298035C414CC8F5800CBC93E /* JSON.h */,
				298035C514CC8F5800CBC93E /* NSObject+SBJSON.h */,
				298035C614CC8F5800CBC93E /* NSObject+SBJSON.m */,
				298035C714CC8F5800CBC93E /* NSString+SBJSON.h */,
				298035C814CC8F5800CBC93E /* NSString+SBJSON.m */,
				298035C914CC8F5800CBC93E /* SBJSON.h */,
				298035CA14CC8F5800CBC93E /* SBJSON.m */,
				298035CB14CC8F5800CBC93E /* SBJsonBase.h */,
				298035CC14CC8F5800CBC93E /* SBJsonBase.m */,
				298035CD14CC8F5800CBC93E /* SBJsonParser.h */,
				298035CE14CC8F5800CBC93E /* SBJsonParser.m */,
				298035CF14CC8F5800CBC93E /* SBJsonWriter.h */,
				298035D014CC8F5800CBC93E /* SBJsonWriter.m */,
			);
			path = JSON;
			sourceTree = "<group>";
		};
		29CFB7CC15461C3C00C21001 /* Facebook */ = {
			isa = PBXGroup;
			children = (
				29E62D8314CC85B80083F9B6 /* FacebookViewController.h */,
				29E62D8414CC85B80083F9B6 /* FacebookViewController.m */,
			);
			name = Facebook;
			sourceTree = "<group>";
		};
		29E62D8814CC85D00083F9B6 /* AddressBook */ = {
			isa = PBXGroup;
			children = (
				2914978314BFC93C00B6FD7E /* ContactsTableViewController.h */,
				2914978414BFC93C00B6FD7E /* ContactsTableViewController.m */,
			);
			name = AddressBook;
			sourceTree = "<group>";
		};
/* End PBXGroup section */

/* Begin PBXNativeTarget section */
		2972D36814BD35FF00F74D6E /* Player */ = {
			isa = PBXNativeTarget;
			buildConfigurationList = 2972D38A14BD35FF00F74D6E /* Build configuration list for PBXNativeTarget "Player" */;
			buildPhases = (
				2972D36514BD35FF00F74D6E /* Sources */,
				2972D36614BD35FF00F74D6E /* Frameworks */,
				2972D36714BD35FF00F74D6E /* Resources */,
			);
			buildRules = (
			);
			dependencies = (
			);
			name = Player;
			productName = Player;
			productReference = 2972D36914BD35FF00F74D6E /* Player.app */;
			productType = "com.apple.product-type.application";
		};
/* End PBXNativeTarget section */

/* Begin PBXProject section */
		2972D36014BD35FF00F74D6E /* Project object */ = {
			isa = PBXProject;
			attributes = {
				LastUpgradeCheck = 0430;
			};
			buildConfigurationList = 2972D36314BD35FF00F74D6E /* Build configuration list for PBXProject "Player" */;
			compatibilityVersion = "Xcode 3.2";
			developmentRegion = English;
			hasScannedForEncodings = 0;
			knownRegions = (
				en,
			);
			mainGroup = 2972D35E14BD35FF00F74D6E;
			productRefGroup = 2972D36A14BD35FF00F74D6E /* Products */;
			projectDirPath = "";
			projectReferences = (
				{
					ProductGroup = 2938504915573AD2003B3D91 /* Products */;
					ProjectRef = 2938504815573AD2003B3D91 /* GMGridView.xcodeproj */;
				},
			);
			projectRoot = "";
			targets = (
				2972D36814BD35FF00F74D6E /* Player */,
			);
		};
/* End PBXProject section */

/* Begin PBXReferenceProxy section */
		2938505E15573AD2003B3D91 /* libGMGridView.a */ = {
			isa = PBXReferenceProxy;
			fileType = archive.ar;
			path = libGMGridView.a;
			remoteRef = 2938505D15573AD2003B3D91 /* PBXContainerItemProxy */;
			sourceTree = BUILT_PRODUCTS_DIR;
		};
/* End PBXReferenceProxy section */

/* Begin PBXResourcesBuildPhase section */
		2972D36714BD35FF00F74D6E /* Resources */ = {
			isa = PBXResourcesBuildPhase;
			buildActionMask = 2147483647;
			files = (
				2972D37814BD35FF00F74D6E /* InfoPlist.strings in Resources */,
				2972D38114BD35FF00F74D6E /* iPhone.storyboard in Resources */,
				2972D38414BD35FF00F74D6E /* iPad.storyboard in Resources */,
				2972D38F14BD385B00F74D6E /* bg.jpg in Resources */,
				2972D39214BD3BC200F74D6E /* facebook.png in Resources */,
				2943FCF014C4D71A000E5AD0 /* calendar.jpeg in Resources */,
				2943FCF114C4D71A000E5AD0 /* reminder.jpeg in Resources */,
				29E62D8A14CC878F0083F9B6 /* icon.png in Resources */,
				298035D514CC8F5800CBC93E /* FBDialog.bundle in Resources */,
				296F298814D351B00058892D /* spinner.png in Resources */,
				296F298F14D357CD0058892D /* tab-plans.png in Resources */,
				296F299014D357CD0058892D /* tab-reminder.png in Resources */,
				296F299114D357CD0058892D /* tab-targets.png in Resources */,
				296F299314D376BB0058892D /* th_UberSocial.png in Resources */,
				296F299514D377700058892D /* Default.png in Resources */,
				297BFD3E14D4C2D800B8141E /* bookshelf_empty.png in Resources */,
				29E5B6A314D8F97F00D00C0F /* close_x.png in Resources */,
				2992C4411529049B00332CD2 /* Articles.plist in Resources */,
				2992C4421529049B00332CD2 /* AppleMusic.png in Resources */,
				29A3E8E2156036C700E3CC61 /* paper.jpg in Resources */,
				297CBE1A15680DAB008253EE /* icloud-background.jpeg in Resources */,
			);
			runOnlyForDeploymentPostprocessing = 0;
		};
/* End PBXResourcesBuildPhase section */

/* Begin PBXSourcesBuildPhase section */
		2972D36514BD35FF00F74D6E /* Sources */ = {
			isa = PBXSourcesBuildPhase;
			buildActionMask = 2147483647;
			files = (
				2972D37A14BD35FF00F74D6E /* main.m in Sources */,
				2972D37E14BD35FF00F74D6E /* PlayerAppDelegate.m in Sources */,
				2972D38714BD35FF00F74D6E /* PlayerViewController.m in Sources */,
				2914978514BFC93C00B6FD7E /* ContactsTableViewController.m in Sources */,
				2943FCDA14C4B6D7000E5AD0 /* ImportFriendsViewController.m in Sources */,
				2943FCF714C4EDD3000E5AD0 /* PersonViewController.m in Sources */,
				29E62D8514CC85B90083F9B6 /* FacebookViewController.m in Sources */,
				298035D414CC8F5800CBC93E /* Facebook.m in Sources */,
				298035D614CC8F5800CBC93E /* FBDialog.m in Sources */,
				298035D714CC8F5800CBC93E /* FBLoginDialog.m in Sources */,
				298035D814CC8F5800CBC93E /* FBRequest.m in Sources */,
				298035D914CC8F5800CBC93E /* NSObject+SBJSON.m in Sources */,
				298035DA14CC8F5800CBC93E /* NSString+SBJSON.m in Sources */,
				298035DB14CC8F5800CBC93E /* SBJSON.m in Sources */,
				298035DC14CC8F5800CBC93E /* SBJsonBase.m in Sources */,
				298035DD14CC8F5800CBC93E /* SBJsonParser.m in Sources */,
				298035DE14CC8F5800CBC93E /* SBJsonWriter.m in Sources */,
				293C741114D0F43000555168 /* SDImageCache.m in Sources */,
				293C741214D0F43000555168 /* SDWebImageDecoder.m in Sources */,
				293C741314D0F43000555168 /* SDWebImageDownloader.m in Sources */,
				293C741414D0F43000555168 /* SDWebImageManager.m in Sources */,
				293C741514D0F43000555168 /* SDWebImagePrefetcher.m in Sources */,
				293C741614D0F43000555168 /* UIButton+WebCache.m in Sources */,
				293C741714D0F43000555168 /* UIImageView+WebCache.m in Sources */,
				296F298214D3083B0058892D /* Friend.m in Sources */,
				296F298614D330180058892D /* FriendUtility.m in Sources */,
				297F1417152A1F2E00CEE6B1 /* GroupsGridViewController.m in Sources */,
				2938505715573AD2003B3D91 /* GMGridView.m in Sources */,
				2938505815573AD2003B3D91 /* GMGridViewCell.m in Sources */,
				2938505915573AD2003B3D91 /* GMGridViewLayoutStrategies.m in Sources */,
				2938505A15573AD2003B3D91 /* UIGestureRecognizer+GMGridViewAdditions.m in Sources */,
				2938505B15573AD2003B3D91 /* UIView+GMGridViewAdditions.m in Sources */,
				2968EFDA1558B6F500B6DFDF /* Group.m in Sources */,
				2968EFDD1558BDE200B6DFDF /* NewGroupPopOverViewController.m in Sources */,
				29EAD8741559FFB300C6A1D2 /* FriendsManager.m in Sources */,
				2966B897155C9E4C00E43E84 /* FriendsGridViewController.m in Sources */,
				29A3E8E015602FFA00E3CC61 /* FriendViewController.m in Sources */,
			);
			runOnlyForDeploymentPostprocessing = 0;
		};
/* End PBXSourcesBuildPhase section */

/* Begin PBXVariantGroup section */
		2943FCEC14C4D71A000E5AD0 /* calendar.jpeg */ = {
			isa = PBXVariantGroup;
			children = (
				2943FCED14C4D71A000E5AD0 /* en */,
			);
			name = calendar.jpeg;
			sourceTree = "<group>";
		};
		2943FCEE14C4D71A000E5AD0 /* reminder.jpeg */ = {
			isa = PBXVariantGroup;
			children = (
				2943FCEF14C4D71A000E5AD0 /* en */,
			);
			name = reminder.jpeg;
			sourceTree = "<group>";
		};
		296F298914D357CC0058892D /* tab-plans.png */ = {
			isa = PBXVariantGroup;
			children = (
				296F298A14D357CC0058892D /* en */,
			);
			name = "tab-plans.png";
			sourceTree = "<group>";
		};
		296F298B14D357CC0058892D /* tab-reminder.png */ = {
			isa = PBXVariantGroup;
			children = (
				296F298C14D357CD0058892D /* en */,
			);
			name = "tab-reminder.png";
			sourceTree = "<group>";
		};
		296F298D14D357CD0058892D /* tab-targets.png */ = {
			isa = PBXVariantGroup;
			children = (
				296F298E14D357CD0058892D /* en */,
			);
			name = "tab-targets.png";
			sourceTree = "<group>";
		};
		2972D37614BD35FF00F74D6E /* InfoPlist.strings */ = {
			isa = PBXVariantGroup;
			children = (
				2972D37714BD35FF00F74D6E /* en */,
			);
			name = InfoPlist.strings;
			sourceTree = "<group>";
		};
		2972D37F14BD35FF00F74D6E /* iPhone.storyboard */ = {
			isa = PBXVariantGroup;
			children = (
				2972D38014BD35FF00F74D6E /* en */,
			);
			name = iPhone.storyboard;
			sourceTree = "<group>";
		};
		2972D38214BD35FF00F74D6E /* iPad.storyboard */ = {
			isa = PBXVariantGroup;
			children = (
				2972D38314BD35FF00F74D6E /* en */,
			);
			name = iPad.storyboard;
			sourceTree = "<group>";
		};
		2972D38D14BD385B00F74D6E /* bg.jpg */ = {
			isa = PBXVariantGroup;
			children = (
				2972D38E14BD385B00F74D6E /* en */,
			);
			name = bg.jpg;
			sourceTree = "<group>";
		};
		2972D39014BD3BC200F74D6E /* facebook.png */ = {
			isa = PBXVariantGroup;
			children = (
				2972D39114BD3BC200F74D6E /* en */,
			);
			name = facebook.png;
			sourceTree = "<group>";
		};
		297BFD3C14D4C2D800B8141E /* bookshelf_empty.png */ = {
			isa = PBXVariantGroup;
			children = (
				297BFD3D14D4C2D800B8141E /* en */,
			);
			name = bookshelf_empty.png;
			path = ..;
			sourceTree = "<group>";
		};
/* End PBXVariantGroup section */

/* Begin XCBuildConfiguration section */
		2972D38814BD35FF00F74D6E /* Debug */ = {
			isa = XCBuildConfiguration;
			buildSettings = {
				ALWAYS_SEARCH_USER_PATHS = NO;
				ARCHS = "$(ARCHS_STANDARD_32_BIT)";
				CLANG_ENABLE_OBJC_ARC = YES;
				"CODE_SIGN_IDENTITY[sdk=iphoneos*]" = "iPhone Developer";
				COPY_PHASE_STRIP = NO;
				GCC_C_LANGUAGE_STANDARD = gnu99;
				GCC_DYNAMIC_NO_PIC = NO;
				GCC_OPTIMIZATION_LEVEL = 0;
				GCC_PREPROCESSOR_DEFINITIONS = (
					"DEBUG=1",
					"$(inherited)",
				);
				GCC_SYMBOLS_PRIVATE_EXTERN = NO;
				GCC_VERSION = com.apple.compilers.llvm.clang.1_0;
				GCC_WARN_ABOUT_MISSING_PROTOTYPES = YES;
				GCC_WARN_ABOUT_RETURN_TYPE = YES;
				GCC_WARN_UNUSED_VARIABLE = YES;
				IPHONEOS_DEPLOYMENT_TARGET = 5.0;
				SDKROOT = iphoneos;
				TARGETED_DEVICE_FAMILY = "1,2";
			};
			name = Debug;
		};
		2972D38914BD35FF00F74D6E /* Release */ = {
			isa = XCBuildConfiguration;
			buildSettings = {
				ALWAYS_SEARCH_USER_PATHS = NO;
				ARCHS = "$(ARCHS_STANDARD_32_BIT)";
				CLANG_ENABLE_OBJC_ARC = YES;
				"CODE_SIGN_IDENTITY[sdk=iphoneos*]" = "iPhone Developer";
				COPY_PHASE_STRIP = YES;
				GCC_C_LANGUAGE_STANDARD = gnu99;
				GCC_VERSION = com.apple.compilers.llvm.clang.1_0;
				GCC_WARN_ABOUT_MISSING_PROTOTYPES = YES;
				GCC_WARN_ABOUT_RETURN_TYPE = YES;
				GCC_WARN_UNUSED_VARIABLE = YES;
				IPHONEOS_DEPLOYMENT_TARGET = 5.0;
				OTHER_CFLAGS = "-DNS_BLOCK_ASSERTIONS=1";
				SDKROOT = iphoneos;
				TARGETED_DEVICE_FAMILY = "1,2";
				VALIDATE_PRODUCT = YES;
			};
			name = Release;
		};
		2972D38B14BD35FF00F74D6E /* Debug */ = {
			isa = XCBuildConfiguration;
			buildSettings = {
				GCC_PRECOMPILE_PREFIX_HEADER = YES;
				GCC_PREFIX_HEADER = "Player/Player-Prefix.pch";
				INFOPLIST_FILE = "Player/Player-Info.plist";
				PRODUCT_NAME = "$(TARGET_NAME)";
				WRAPPER_EXTENSION = app;
			};
			name = Debug;
		};
		2972D38C14BD35FF00F74D6E /* Release */ = {
			isa = XCBuildConfiguration;
			buildSettings = {
				GCC_PRECOMPILE_PREFIX_HEADER = YES;
				GCC_PREFIX_HEADER = "Player/Player-Prefix.pch";
				INFOPLIST_FILE = "Player/Player-Info.plist";
				PRODUCT_NAME = "$(TARGET_NAME)";
				WRAPPER_EXTENSION = app;
			};
			name = Release;
		};
/* End XCBuildConfiguration section */

/* Begin XCConfigurationList section */
		2972D36314BD35FF00F74D6E /* Build configuration list for PBXProject "Player" */ = {
			isa = XCConfigurationList;
			buildConfigurations = (
				2972D38814BD35FF00F74D6E /* Debug */,
				2972D38914BD35FF00F74D6E /* Release */,
			);
			defaultConfigurationIsVisible = 0;
			defaultConfigurationName = Release;
		};
		2972D38A14BD35FF00F74D6E /* Build configuration list for PBXNativeTarget "Player" */ = {
			isa = XCConfigurationList;
			buildConfigurations = (
				2972D38B14BD35FF00F74D6E /* Debug */,
				2972D38C14BD35FF00F74D6E /* Release */,
			);
			defaultConfigurationIsVisible = 0;
			defaultConfigurationName = Release;
		};
/* End XCConfigurationList section */
	};
	rootObject = 2972D36014BD35FF00F74D6E /* Project object */;
}
